
Microsoft Visual Studio Solution File, Format Version 12.00
# Visual Studio Version 16
VisualStudioVersion = 16.0.31729.503
MinimumVisualStudioVersion = 10.0.40219.1
Project("{FAE04EC0-301F-11D3-BF4B-00C04F79EFBC}") = "exercice sur les relation nM", "exercice sur les relation nM\exercice sur les relation nM.csproj", "{823897BC-0A3C-4310-816A-EC5F61EC977A}"
EndProject
Global
	GlobalSection(SolutionConfigurationPlatforms) = preSolution
		Debug|Any CPU = Debug|Any CPU
		Release|Any CPU = Release|Any CPU
	EndGlobalSection
	GlobalSection(ProjectConfigurationPlatforms) = postSolution
		{823897BC-0A3C-4310-816A-EC5F61EC977A}.Debug|Any CPU.ActiveCfg = Debug|Any CPU
		{823897BC-0A3C-4310-816A-EC5F61EC977A}.Debug|Any CPU.Build.0 = Debug|Any CPU
		{823897BC-0A3C-4310-816A-EC5F61EC977A}.Release|Any CPU.ActiveCfg = Release|Any CPU
		{823897BC-0A3C-4310-816A-EC5F61EC977A}.Release|Any CPU.Build.0 = Release|Any CPU
	EndGlobalSection
	GlobalSection(SolutionProperties) = preSolution
		HideSolutionNode = FALSE
	EndGlobalSection
	GlobalSection(ExtensibilityGlobals) = postSolution
		SolutionGuid = {4ACF7825-40C5-437C-9824-FD359749C546}
	EndGlobalSection
EndGlobal
