
Microsoft Visual Studio Solution File, Format Version 12.00
# Visual Studio Version 16
VisualStudioVersion = 16.0.31702.278
MinimumVisualStudioVersion = 10.0.40219.1
Project("{FAE04EC0-301F-11D3-BF4B-00C04F79EFBC}") = "logiciel de gestion de panne", "logiciel de gestion de panne\logiciel de gestion de panne.csproj", "{3A74D369-3A68-4459-9FF3-BE52B9B38498}"
EndProject
Global
	GlobalSection(SolutionConfigurationPlatforms) = preSolution
		Debug|Any CPU = Debug|Any CPU
		Release|Any CPU = Release|Any CPU
	EndGlobalSection
	GlobalSection(ProjectConfigurationPlatforms) = postSolution
		{3A74D369-3A68-4459-9FF3-BE52B9B38498}.Debug|Any CPU.ActiveCfg = Debug|Any CPU
		{3A74D369-3A68-4459-9FF3-BE52B9B38498}.Debug|Any CPU.Build.0 = Debug|Any CPU
		{3A74D369-3A68-4459-9FF3-BE52B9B38498}.Release|Any CPU.ActiveCfg = Release|Any CPU
		{3A74D369-3A68-4459-9FF3-BE52B9B38498}.Release|Any CPU.Build.0 = Release|Any CPU
	EndGlobalSection
	GlobalSection(SolutionProperties) = preSolution
		HideSolutionNode = FALSE
	EndGlobalSection
	GlobalSection(ExtensibilityGlobals) = postSolution
		SolutionGuid = {1E42F6C8-2299-46E6-9668-A21BF68AF55D}
	EndGlobalSection
EndGlobal
