
Microsoft Visual Studio Solution File, Format Version 12.00
# Visual Studio Version 16
VisualStudioVersion = 16.0.32106.194
MinimumVisualStudioVersion = 10.0.40219.1
Project("{FAE04EC0-301F-11D3-BF4B-00C04F79EFBC}") = "PO1_revision_examen_intra", "PO1_revision_examen_intra.csproj", "{89229488-C47A-4F86-AC3F-755C7A54DFF0}"
EndProject
Global
	GlobalSection(SolutionConfigurationPlatforms) = preSolution
		Debug|Any CPU = Debug|Any CPU
		Release|Any CPU = Release|Any CPU
	EndGlobalSection
	GlobalSection(ProjectConfigurationPlatforms) = postSolution
		{89229488-C47A-4F86-AC3F-755C7A54DFF0}.Debug|Any CPU.ActiveCfg = Debug|Any CPU
		{89229488-C47A-4F86-AC3F-755C7A54DFF0}.Debug|Any CPU.Build.0 = Debug|Any CPU
		{89229488-C47A-4F86-AC3F-755C7A54DFF0}.Release|Any CPU.ActiveCfg = Release|Any CPU
		{89229488-C47A-4F86-AC3F-755C7A54DFF0}.Release|Any CPU.Build.0 = Release|Any CPU
	EndGlobalSection
	GlobalSection(SolutionProperties) = preSolution
		HideSolutionNode = FALSE
	EndGlobalSection
	GlobalSection(ExtensibilityGlobals) = postSolution
		SolutionGuid = {72D1D712-CC22-4749-821B-52D6FF839615}
	EndGlobalSection
EndGlobal
